
Microsoft Visual Studio Solution File, Format Version 12.00
# Visual Studio 15
VisualStudioVersion = 15.0.27004.2002
MinimumVisualStudioVersion = 10.0.40219.1
Project("{FAE04EC0-301F-11D3-BF4B-00C04F79EFBC}") = "CodeLibrary", "CodeLibrary.csproj", "{4430BA0A-3FC5-41F3-9AC1-7CBA74C1FB10}"
EndProject
Project("{FAE04EC0-301F-11D3-BF4B-00C04F79EFBC}") = "CodeLibraryMVC", "..\CodeLibraryMVC\CodeLibraryMVC.csproj", "{A71BB5FB-3AD8-4D2F-AC49-A4DCF30862BD}"
EndProject
Project("{FAE04EC0-301F-11D3-BF4B-00C04F79EFBC}") = "CodeLibraryWebAPI", "..\CodeLibraryWebAPI\CodeLibraryWebAPI.csproj", "{43573615-3DEB-447B-8DBD-C1B7D292C101}"
EndProject
Project("{FAE04EC0-301F-11D3-BF4B-00C04F79EFBC}") = "CodeLibraryWebAPI.Tests", "CodeLibraryWebAPI.Tests\CodeLibraryWebAPI.Tests.csproj", "{08B22950-7D6E-45FD-A852-EE8B90F6860A}"
EndProject
Project("{FAE04EC0-301F-11D3-BF4B-00C04F79EFBC}") = "CodeLibraryDataLayer", "CodeLibraryDataLayer\CodeLibraryDataLayer.csproj", "{EFF43EEC-4CE7-42D3-98B8-3C40C71604FC}"
EndProject
Project("{FAE04EC0-301F-11D3-BF4B-00C04F79EFBC}") = "CodeLibraryDataModels", "ClassLibraryDatModels\CodeLibraryDataModels.csproj", "{E2937558-3150-44A8-8E8A-C63858270913}"
EndProject
Project("{FAE04EC0-301F-11D3-BF4B-00C04F79EFBC}") = "CodeLibraryHelpers", "..\CodeLibraryHelpers\CodeLibraryHelpers.csproj", "{91CC8A0D-9147-43E5-9B3D-041D5204D83C}"
EndProject
Project("{E24C65DC-7377-472B-9ABA-BC803B73C61A}") = "CodeLibraryJS", "..\CodeLibraryJS\", "{3E6BB519-1187-41E5-BB97-ADC5ADEBDE64}"
	ProjectSection(WebsiteProperties) = preProject
		TargetFrameworkMoniker = ".NETFramework,Version%3Dv4.0"
		Debug.AspNetCompiler.VirtualPath = "/localhost_59269"
		Debug.AspNetCompiler.PhysicalPath = "..\CodeLibraryJS\"
		Debug.AspNetCompiler.TargetPath = "PrecompiledWeb\localhost_59269\"
		Debug.AspNetCompiler.Updateable = "true"
		Debug.AspNetCompiler.ForceOverwrite = "true"
		Debug.AspNetCompiler.FixedNames = "false"
		Debug.AspNetCompiler.Debug = "True"
		Release.AspNetCompiler.VirtualPath = "/localhost_59269"
		Release.AspNetCompiler.PhysicalPath = "..\CodeLibraryJS\"
		Release.AspNetCompiler.TargetPath = "PrecompiledWeb\localhost_59269\"
		Release.AspNetCompiler.Updateable = "true"
		Release.AspNetCompiler.ForceOverwrite = "true"
		Release.AspNetCompiler.FixedNames = "false"
		Release.AspNetCompiler.Debug = "False"
		VWDPort = "59269"
		SlnRelativePath = "..\CodeLibraryJS\"
	EndProjectSection
EndProject
Project("{FAE04EC0-301F-11D3-BF4B-00C04F79EFBC}") = "WebRequest", "..\WebRequest\WebRequest.csproj", "{19A83450-B84B-4281-BA92-DD9B77FFD9FE}"
EndProject
Project("{E24C65DC-7377-472B-9ABA-BC803B73C61A}") = "CSS", "..\CSS\", "{2A907304-DD77-44AA-9CA7-A8C605B3859C}"
	ProjectSection(WebsiteProperties) = preProject
		TargetFrameworkMoniker = ".NETFramework,Version%3Dv4.6.1"
		Debug.AspNetCompiler.VirtualPath = "/localhost_41132"
		Debug.AspNetCompiler.PhysicalPath = "..\CSS\"
		Debug.AspNetCompiler.TargetPath = "PrecompiledWeb\localhost_41132\"
		Debug.AspNetCompiler.Updateable = "true"
		Debug.AspNetCompiler.ForceOverwrite = "true"
		Debug.AspNetCompiler.FixedNames = "false"
		Debug.AspNetCompiler.Debug = "True"
		Release.AspNetCompiler.VirtualPath = "/localhost_41132"
		Release.AspNetCompiler.PhysicalPath = "..\CSS\"
		Release.AspNetCompiler.TargetPath = "PrecompiledWeb\localhost_41132\"
		Release.AspNetCompiler.Updateable = "true"
		Release.AspNetCompiler.ForceOverwrite = "true"
		Release.AspNetCompiler.FixedNames = "false"
		Release.AspNetCompiler.Debug = "False"
		VWDPort = "41132"
		SlnRelativePath = "..\CSS\"
		DefaultWebSiteLanguage = "Visual C#"
	EndProjectSection
EndProject
Global
	GlobalSection(SolutionConfigurationPlatforms) = preSolution
		Debug|Android = Debug|Android
		Debug|Any CPU = Debug|Any CPU
		Debug|iOS = Debug|iOS
		Debug|Windows-ARM = Debug|Windows-ARM
		Debug|Windows-x64 = Debug|Windows-x64
		Debug|Windows-x86 = Debug|Windows-x86
		Release|Android = Release|Android
		Release|Any CPU = Release|Any CPU
		Release|iOS = Release|iOS
		Release|Windows-ARM = Release|Windows-ARM
		Release|Windows-x64 = Release|Windows-x64
		Release|Windows-x86 = Release|Windows-x86
	EndGlobalSection
	GlobalSection(ProjectConfigurationPlatforms) = postSolution
		{4430BA0A-3FC5-41F3-9AC1-7CBA74C1FB10}.Debug|Android.ActiveCfg = Debug|Any CPU
		{4430BA0A-3FC5-41F3-9AC1-7CBA74C1FB10}.Debug|Android.Build.0 = Debug|Any CPU
		{4430BA0A-3FC5-41F3-9AC1-7CBA74C1FB10}.Debug|Any CPU.ActiveCfg = Debug|Any CPU
		{4430BA0A-3FC5-41F3-9AC1-7CBA74C1FB10}.Debug|Any CPU.Build.0 = Debug|Any CPU
		{4430BA0A-3FC5-41F3-9AC1-7CBA74C1FB10}.Debug|iOS.ActiveCfg = Debug|Any CPU
		{4430BA0A-3FC5-41F3-9AC1-7CBA74C1FB10}.Debug|iOS.Build.0 = Debug|Any CPU
		{4430BA0A-3FC5-41F3-9AC1-7CBA74C1FB10}.Debug|Windows-ARM.ActiveCfg = Debug|Any CPU
		{4430BA0A-3FC5-41F3-9AC1-7CBA74C1FB10}.Debug|Windows-ARM.Build.0 = Debug|Any CPU
		{4430BA0A-3FC5-41F3-9AC1-7CBA74C1FB10}.Debug|Windows-x64.ActiveCfg = Debug|Any CPU
		{4430BA0A-3FC5-41F3-9AC1-7CBA74C1FB10}.Debug|Windows-x64.Build.0 = Debug|Any CPU
		{4430BA0A-3FC5-41F3-9AC1-7CBA74C1FB10}.Debug|Windows-x86.ActiveCfg = Debug|Any CPU
		{4430BA0A-3FC5-41F3-9AC1-7CBA74C1FB10}.Debug|Windows-x86.Build.0 = Debug|Any CPU
		{4430BA0A-3FC5-41F3-9AC1-7CBA74C1FB10}.Release|Android.ActiveCfg = Release|Any CPU
		{4430BA0A-3FC5-41F3-9AC1-7CBA74C1FB10}.Release|Android.Build.0 = Release|Any CPU
		{4430BA0A-3FC5-41F3-9AC1-7CBA74C1FB10}.Release|Any CPU.ActiveCfg = Release|Any CPU
		{4430BA0A-3FC5-41F3-9AC1-7CBA74C1FB10}.Release|Any CPU.Build.0 = Release|Any CPU
		{4430BA0A-3FC5-41F3-9AC1-7CBA74C1FB10}.Release|iOS.ActiveCfg = Release|Any CPU
		{4430BA0A-3FC5-41F3-9AC1-7CBA74C1FB10}.Release|iOS.Build.0 = Release|Any CPU
		{4430BA0A-3FC5-41F3-9AC1-7CBA74C1FB10}.Release|Windows-ARM.ActiveCfg = Release|Any CPU
		{4430BA0A-3FC5-41F3-9AC1-7CBA74C1FB10}.Release|Windows-ARM.Build.0 = Release|Any CPU
		{4430BA0A-3FC5-41F3-9AC1-7CBA74C1FB10}.Release|Windows-x64.ActiveCfg = Release|Any CPU
		{4430BA0A-3FC5-41F3-9AC1-7CBA74C1FB10}.Release|Windows-x64.Build.0 = Release|Any CPU
		{4430BA0A-3FC5-41F3-9AC1-7CBA74C1FB10}.Release|Windows-x86.ActiveCfg = Release|Any CPU
		{4430BA0A-3FC5-41F3-9AC1-7CBA74C1FB10}.Release|Windows-x86.Build.0 = Release|Any CPU
		{A71BB5FB-3AD8-4D2F-AC49-A4DCF30862BD}.Debug|Android.ActiveCfg = Debug|Any CPU
		{A71BB5FB-3AD8-4D2F-AC49-A4DCF30862BD}.Debug|Android.Build.0 = Debug|Any CPU
		{A71BB5FB-3AD8-4D2F-AC49-A4DCF30862BD}.Debug|Any CPU.ActiveCfg = Debug|Any CPU
		{A71BB5FB-3AD8-4D2F-AC49-A4DCF30862BD}.Debug|Any CPU.Build.0 = Debug|Any CPU
		{A71BB5FB-3AD8-4D2F-AC49-A4DCF30862BD}.Debug|iOS.ActiveCfg = Debug|Any CPU
		{A71BB5FB-3AD8-4D2F-AC49-A4DCF30862BD}.Debug|iOS.Build.0 = Debug|Any CPU
		{A71BB5FB-3AD8-4D2F-AC49-A4DCF30862BD}.Debug|Windows-ARM.ActiveCfg = Debug|Any CPU
		{A71BB5FB-3AD8-4D2F-AC49-A4DCF30862BD}.Debug|Windows-ARM.Build.0 = Debug|Any CPU
		{A71BB5FB-3AD8-4D2F-AC49-A4DCF30862BD}.Debug|Windows-x64.ActiveCfg = Debug|Any CPU
		{A71BB5FB-3AD8-4D2F-AC49-A4DCF30862BD}.Debug|Windows-x64.Build.0 = Debug|Any CPU
		{A71BB5FB-3AD8-4D2F-AC49-A4DCF30862BD}.Debug|Windows-x86.ActiveCfg = Debug|Any CPU
		{A71BB5FB-3AD8-4D2F-AC49-A4DCF30862BD}.Debug|Windows-x86.Build.0 = Debug|Any CPU
		{A71BB5FB-3AD8-4D2F-AC49-A4DCF30862BD}.Release|Android.ActiveCfg = Release|Any CPU
		{A71BB5FB-3AD8-4D2F-AC49-A4DCF30862BD}.Release|Android.Build.0 = Release|Any CPU
		{A71BB5FB-3AD8-4D2F-AC49-A4DCF30862BD}.Release|Any CPU.ActiveCfg = Release|Any CPU
		{A71BB5FB-3AD8-4D2F-AC49-A4DCF30862BD}.Release|Any CPU.Build.0 = Release|Any CPU
		{A71BB5FB-3AD8-4D2F-AC49-A4DCF30862BD}.Release|iOS.ActiveCfg = Release|Any CPU
		{A71BB5FB-3AD8-4D2F-AC49-A4DCF30862BD}.Release|iOS.Build.0 = Release|Any CPU
		{A71BB5FB-3AD8-4D2F-AC49-A4DCF30862BD}.Release|Windows-ARM.ActiveCfg = Release|Any CPU
		{A71BB5FB-3AD8-4D2F-AC49-A4DCF30862BD}.Release|Windows-ARM.Build.0 = Release|Any CPU
		{A71BB5FB-3AD8-4D2F-AC49-A4DCF30862BD}.Release|Windows-x64.ActiveCfg = Release|Any CPU
		{A71BB5FB-3AD8-4D2F-AC49-A4DCF30862BD}.Release|Windows-x64.Build.0 = Release|Any CPU
		{A71BB5FB-3AD8-4D2F-AC49-A4DCF30862BD}.Release|Windows-x86.ActiveCfg = Release|Any CPU
		{A71BB5FB-3AD8-4D2F-AC49-A4DCF30862BD}.Release|Windows-x86.Build.0 = Release|Any CPU
		{43573615-3DEB-447B-8DBD-C1B7D292C101}.Debug|Android.ActiveCfg = Debug|Any CPU
		{43573615-3DEB-447B-8DBD-C1B7D292C101}.Debug|Android.Build.0 = Debug|Any CPU
		{43573615-3DEB-447B-8DBD-C1B7D292C101}.Debug|Any CPU.ActiveCfg = Debug|Any CPU
		{43573615-3DEB-447B-8DBD-C1B7D292C101}.Debug|Any CPU.Build.0 = Debug|Any CPU
		{43573615-3DEB-447B-8DBD-C1B7D292C101}.Debug|iOS.ActiveCfg = Debug|Any CPU
		{43573615-3DEB-447B-8DBD-C1B7D292C101}.Debug|iOS.Build.0 = Debug|Any CPU
		{43573615-3DEB-447B-8DBD-C1B7D292C101}.Debug|Windows-ARM.ActiveCfg = Debug|Any CPU
		{43573615-3DEB-447B-8DBD-C1B7D292C101}.Debug|Windows-ARM.Build.0 = Debug|Any CPU
		{43573615-3DEB-447B-8DBD-C1B7D292C101}.Debug|Windows-x64.ActiveCfg = Debug|Any CPU
		{43573615-3DEB-447B-8DBD-C1B7D292C101}.Debug|Windows-x64.Build.0 = Debug|Any CPU
		{43573615-3DEB-447B-8DBD-C1B7D292C101}.Debug|Windows-x86.ActiveCfg = Debug|Any CPU
		{43573615-3DEB-447B-8DBD-C1B7D292C101}.Debug|Windows-x86.Build.0 = Debug|Any CPU
		{43573615-3DEB-447B-8DBD-C1B7D292C101}.Release|Android.ActiveCfg = Release|Any CPU
		{43573615-3DEB-447B-8DBD-C1B7D292C101}.Release|Android.Build.0 = Release|Any CPU
		{43573615-3DEB-447B-8DBD-C1B7D292C101}.Release|Any CPU.ActiveCfg = Release|Any CPU
		{43573615-3DEB-447B-8DBD-C1B7D292C101}.Release|Any CPU.Build.0 = Release|Any CPU
		{43573615-3DEB-447B-8DBD-C1B7D292C101}.Release|iOS.ActiveCfg = Release|Any CPU
		{43573615-3DEB-447B-8DBD-C1B7D292C101}.Release|iOS.Build.0 = Release|Any CPU
		{43573615-3DEB-447B-8DBD-C1B7D292C101}.Release|Windows-ARM.ActiveCfg = Release|Any CPU
		{43573615-3DEB-447B-8DBD-C1B7D292C101}.Release|Windows-ARM.Build.0 = Release|Any CPU
		{43573615-3DEB-447B-8DBD-C1B7D292C101}.Release|Windows-x64.ActiveCfg = Release|Any CPU
		{43573615-3DEB-447B-8DBD-C1B7D292C101}.Release|Windows-x64.Build.0 = Release|Any CPU
		{43573615-3DEB-447B-8DBD-C1B7D292C101}.Release|Windows-x86.ActiveCfg = Release|Any CPU
		{43573615-3DEB-447B-8DBD-C1B7D292C101}.Release|Windows-x86.Build.0 = Release|Any CPU
		{08B22950-7D6E-45FD-A852-EE8B90F6860A}.Debug|Android.ActiveCfg = Debug|Any CPU
		{08B22950-7D6E-45FD-A852-EE8B90F6860A}.Debug|Any CPU.ActiveCfg = Debug|Any CPU
		{08B22950-7D6E-45FD-A852-EE8B90F6860A}.Debug|Any CPU.Build.0 = Debug|Any CPU
		{08B22950-7D6E-45FD-A852-EE8B90F6860A}.Debug|iOS.ActiveCfg = Debug|Any CPU
		{08B22950-7D6E-45FD-A852-EE8B90F6860A}.Debug|Windows-ARM.ActiveCfg = Debug|Any CPU
		{08B22950-7D6E-45FD-A852-EE8B90F6860A}.Debug|Windows-x64.ActiveCfg = Debug|Any CPU
		{08B22950-7D6E-45FD-A852-EE8B90F6860A}.Debug|Windows-x86.ActiveCfg = Debug|Any CPU
		{08B22950-7D6E-45FD-A852-EE8B90F6860A}.Release|Android.ActiveCfg = Release|Any CPU
		{08B22950-7D6E-45FD-A852-EE8B90F6860A}.Release|Any CPU.ActiveCfg = Release|Any CPU
		{08B22950-7D6E-45FD-A852-EE8B90F6860A}.Release|Any CPU.Build.0 = Release|Any CPU
		{08B22950-7D6E-45FD-A852-EE8B90F6860A}.Release|iOS.ActiveCfg = Release|Any CPU
		{08B22950-7D6E-45FD-A852-EE8B90F6860A}.Release|Windows-ARM.ActiveCfg = Release|Any CPU
		{08B22950-7D6E-45FD-A852-EE8B90F6860A}.Release|Windows-x64.ActiveCfg = Release|Any CPU
		{08B22950-7D6E-45FD-A852-EE8B90F6860A}.Release|Windows-x86.ActiveCfg = Release|Any CPU
		{EFF43EEC-4CE7-42D3-98B8-3C40C71604FC}.Debug|Android.ActiveCfg = Debug|Any CPU
		{EFF43EEC-4CE7-42D3-98B8-3C40C71604FC}.Debug|Android.Build.0 = Debug|Any CPU
		{EFF43EEC-4CE7-42D3-98B8-3C40C71604FC}.Debug|Any CPU.ActiveCfg = Debug|Any CPU
		{EFF43EEC-4CE7-42D3-98B8-3C40C71604FC}.Debug|Any CPU.Build.0 = Debug|Any CPU
		{EFF43EEC-4CE7-42D3-98B8-3C40C71604FC}.Debug|iOS.ActiveCfg = Debug|Any CPU
		{EFF43EEC-4CE7-42D3-98B8-3C40C71604FC}.Debug|iOS.Build.0 = Debug|Any CPU
		{EFF43EEC-4CE7-42D3-98B8-3C40C71604FC}.Debug|Windows-ARM.ActiveCfg = Debug|Any CPU
		{EFF43EEC-4CE7-42D3-98B8-3C40C71604FC}.Debug|Windows-ARM.Build.0 = Debug|Any CPU
		{EFF43EEC-4CE7-42D3-98B8-3C40C71604FC}.Debug|Windows-x64.ActiveCfg = Debug|Any CPU
		{EFF43EEC-4CE7-42D3-98B8-3C40C71604FC}.Debug|Windows-x64.Build.0 = Debug|Any CPU
		{EFF43EEC-4CE7-42D3-98B8-3C40C71604FC}.Debug|Windows-x86.ActiveCfg = Debug|Any CPU
		{EFF43EEC-4CE7-42D3-98B8-3C40C71604FC}.Debug|Windows-x86.Build.0 = Debug|Any CPU
		{EFF43EEC-4CE7-42D3-98B8-3C40C71604FC}.Release|Android.ActiveCfg = Release|Any CPU
		{EFF43EEC-4CE7-42D3-98B8-3C40C71604FC}.Release|Android.Build.0 = Release|Any CPU
		{EFF43EEC-4CE7-42D3-98B8-3C40C71604FC}.Release|Any CPU.ActiveCfg = Release|Any CPU
		{EFF43EEC-4CE7-42D3-98B8-3C40C71604FC}.Release|Any CPU.Build.0 = Release|Any CPU
		{EFF43EEC-4CE7-42D3-98B8-3C40C71604FC}.Release|iOS.ActiveCfg = Release|Any CPU
		{EFF43EEC-4CE7-42D3-98B8-3C40C71604FC}.Release|iOS.Build.0 = Release|Any CPU
		{EFF43EEC-4CE7-42D3-98B8-3C40C71604FC}.Release|Windows-ARM.ActiveCfg = Release|Any CPU
		{EFF43EEC-4CE7-42D3-98B8-3C40C71604FC}.Release|Windows-ARM.Build.0 = Release|Any CPU
		{EFF43EEC-4CE7-42D3-98B8-3C40C71604FC}.Release|Windows-x64.ActiveCfg = Release|Any CPU
		{EFF43EEC-4CE7-42D3-98B8-3C40C71604FC}.Release|Windows-x64.Build.0 = Release|Any CPU
		{EFF43EEC-4CE7-42D3-98B8-3C40C71604FC}.Release|Windows-x86.ActiveCfg = Release|Any CPU
		{EFF43EEC-4CE7-42D3-98B8-3C40C71604FC}.Release|Windows-x86.Build.0 = Release|Any CPU
		{E2937558-3150-44A8-8E8A-C63858270913}.Debug|Android.ActiveCfg = Debug|Any CPU
		{E2937558-3150-44A8-8E8A-C63858270913}.Debug|Android.Build.0 = Debug|Any CPU
		{E2937558-3150-44A8-8E8A-C63858270913}.Debug|Any CPU.ActiveCfg = Debug|Any CPU
		{E2937558-3150-44A8-8E8A-C63858270913}.Debug|Any CPU.Build.0 = Debug|Any CPU
		{E2937558-3150-44A8-8E8A-C63858270913}.Debug|iOS.ActiveCfg = Debug|Any CPU
		{E2937558-3150-44A8-8E8A-C63858270913}.Debug|iOS.Build.0 = Debug|Any CPU
		{E2937558-3150-44A8-8E8A-C63858270913}.Debug|Windows-ARM.ActiveCfg = Debug|Any CPU
		{E2937558-3150-44A8-8E8A-C63858270913}.Debug|Windows-ARM.Build.0 = Debug|Any CPU
		{E2937558-3150-44A8-8E8A-C63858270913}.Debug|Windows-x64.ActiveCfg = Debug|Any CPU
		{E2937558-3150-44A8-8E8A-C63858270913}.Debug|Windows-x64.Build.0 = Debug|Any CPU
		{E2937558-3150-44A8-8E8A-C63858270913}.Debug|Windows-x86.ActiveCfg = Debug|Any CPU
		{E2937558-3150-44A8-8E8A-C63858270913}.Debug|Windows-x86.Build.0 = Debug|Any CPU
		{E2937558-3150-44A8-8E8A-C63858270913}.Release|Android.ActiveCfg = Release|Any CPU
		{E2937558-3150-44A8-8E8A-C63858270913}.Release|Android.Build.0 = Release|Any CPU
		{E2937558-3150-44A8-8E8A-C63858270913}.Release|Any CPU.ActiveCfg = Release|Any CPU
		{E2937558-3150-44A8-8E8A-C63858270913}.Release|Any CPU.Build.0 = Release|Any CPU
		{E2937558-3150-44A8-8E8A-C63858270913}.Release|iOS.ActiveCfg = Release|Any CPU
		{E2937558-3150-44A8-8E8A-C63858270913}.Release|iOS.Build.0 = Release|Any CPU
		{E2937558-3150-44A8-8E8A-C63858270913}.Release|Windows-ARM.ActiveCfg = Release|Any CPU
		{E2937558-3150-44A8-8E8A-C63858270913}.Release|Windows-ARM.Build.0 = Release|Any CPU
		{E2937558-3150-44A8-8E8A-C63858270913}.Release|Windows-x64.ActiveCfg = Release|Any CPU
		{E2937558-3150-44A8-8E8A-C63858270913}.Release|Windows-x64.Build.0 = Release|Any CPU
		{E2937558-3150-44A8-8E8A-C63858270913}.Release|Windows-x86.ActiveCfg = Release|Any CPU
		{E2937558-3150-44A8-8E8A-C63858270913}.Release|Windows-x86.Build.0 = Release|Any CPU
		{91CC8A0D-9147-43E5-9B3D-041D5204D83C}.Debug|Android.ActiveCfg = Debug|Any CPU
		{91CC8A0D-9147-43E5-9B3D-041D5204D83C}.Debug|Android.Build.0 = Debug|Any CPU
		{91CC8A0D-9147-43E5-9B3D-041D5204D83C}.Debug|Any CPU.ActiveCfg = Debug|Any CPU
		{91CC8A0D-9147-43E5-9B3D-041D5204D83C}.Debug|Any CPU.Build.0 = Debug|Any CPU
		{91CC8A0D-9147-43E5-9B3D-041D5204D83C}.Debug|iOS.ActiveCfg = Debug|Any CPU
		{91CC8A0D-9147-43E5-9B3D-041D5204D83C}.Debug|iOS.Build.0 = Debug|Any CPU
		{91CC8A0D-9147-43E5-9B3D-041D5204D83C}.Debug|Windows-ARM.ActiveCfg = Debug|Any CPU
		{91CC8A0D-9147-43E5-9B3D-041D5204D83C}.Debug|Windows-ARM.Build.0 = Debug|Any CPU
		{91CC8A0D-9147-43E5-9B3D-041D5204D83C}.Debug|Windows-x64.ActiveCfg = Debug|Any CPU
		{91CC8A0D-9147-43E5-9B3D-041D5204D83C}.Debug|Windows-x64.Build.0 = Debug|Any CPU
		{91CC8A0D-9147-43E5-9B3D-041D5204D83C}.Debug|Windows-x86.ActiveCfg = Debug|Any CPU
		{91CC8A0D-9147-43E5-9B3D-041D5204D83C}.Debug|Windows-x86.Build.0 = Debug|Any CPU
		{91CC8A0D-9147-43E5-9B3D-041D5204D83C}.Release|Android.ActiveCfg = Release|Any CPU
		{91CC8A0D-9147-43E5-9B3D-041D5204D83C}.Release|Android.Build.0 = Release|Any CPU
		{91CC8A0D-9147-43E5-9B3D-041D5204D83C}.Release|Any CPU.ActiveCfg = Release|Any CPU
		{91CC8A0D-9147-43E5-9B3D-041D5204D83C}.Release|Any CPU.Build.0 = Release|Any CPU
		{91CC8A0D-9147-43E5-9B3D-041D5204D83C}.Release|iOS.ActiveCfg = Release|Any CPU
		{91CC8A0D-9147-43E5-9B3D-041D5204D83C}.Release|iOS.Build.0 = Release|Any CPU
		{91CC8A0D-9147-43E5-9B3D-041D5204D83C}.Release|Windows-ARM.ActiveCfg = Release|Any CPU
		{91CC8A0D-9147-43E5-9B3D-041D5204D83C}.Release|Windows-ARM.Build.0 = Release|Any CPU
		{91CC8A0D-9147-43E5-9B3D-041D5204D83C}.Release|Windows-x64.ActiveCfg = Release|Any CPU
		{91CC8A0D-9147-43E5-9B3D-041D5204D83C}.Release|Windows-x64.Build.0 = Release|Any CPU
		{91CC8A0D-9147-43E5-9B3D-041D5204D83C}.Release|Windows-x86.ActiveCfg = Release|Any CPU
		{91CC8A0D-9147-43E5-9B3D-041D5204D83C}.Release|Windows-x86.Build.0 = Release|Any CPU
		{3E6BB519-1187-41E5-BB97-ADC5ADEBDE64}.Debug|Android.ActiveCfg = Debug|Any CPU
		{3E6BB519-1187-41E5-BB97-ADC5ADEBDE64}.Debug|Android.Build.0 = Debug|Any CPU
		{3E6BB519-1187-41E5-BB97-ADC5ADEBDE64}.Debug|Any CPU.ActiveCfg = Debug|Any CPU
		{3E6BB519-1187-41E5-BB97-ADC5ADEBDE64}.Debug|Any CPU.Build.0 = Debug|Any CPU
		{3E6BB519-1187-41E5-BB97-ADC5ADEBDE64}.Debug|iOS.ActiveCfg = Debug|Any CPU
		{3E6BB519-1187-41E5-BB97-ADC5ADEBDE64}.Debug|iOS.Build.0 = Debug|Any CPU
		{3E6BB519-1187-41E5-BB97-ADC5ADEBDE64}.Debug|Windows-ARM.ActiveCfg = Debug|Any CPU
		{3E6BB519-1187-41E5-BB97-ADC5ADEBDE64}.Debug|Windows-ARM.Build.0 = Debug|Any CPU
		{3E6BB519-1187-41E5-BB97-ADC5ADEBDE64}.Debug|Windows-x64.ActiveCfg = Debug|Any CPU
		{3E6BB519-1187-41E5-BB97-ADC5ADEBDE64}.Debug|Windows-x64.Build.0 = Debug|Any CPU
		{3E6BB519-1187-41E5-BB97-ADC5ADEBDE64}.Debug|Windows-x86.ActiveCfg = Debug|Any CPU
		{3E6BB519-1187-41E5-BB97-ADC5ADEBDE64}.Debug|Windows-x86.Build.0 = Debug|Any CPU
		{3E6BB519-1187-41E5-BB97-ADC5ADEBDE64}.Release|Android.ActiveCfg = Debug|Any CPU
		{3E6BB519-1187-41E5-BB97-ADC5ADEBDE64}.Release|Android.Build.0 = Debug|Any CPU
		{3E6BB519-1187-41E5-BB97-ADC5ADEBDE64}.Release|Any CPU.ActiveCfg = Debug|Any CPU
		{3E6BB519-1187-41E5-BB97-ADC5ADEBDE64}.Release|Any CPU.Build.0 = Debug|Any CPU
		{3E6BB519-1187-41E5-BB97-ADC5ADEBDE64}.Release|iOS.ActiveCfg = Debug|Any CPU
		{3E6BB519-1187-41E5-BB97-ADC5ADEBDE64}.Release|iOS.Build.0 = Debug|Any CPU
		{3E6BB519-1187-41E5-BB97-ADC5ADEBDE64}.Release|Windows-ARM.ActiveCfg = Debug|Any CPU
		{3E6BB519-1187-41E5-BB97-ADC5ADEBDE64}.Release|Windows-ARM.Build.0 = Debug|Any CPU
		{3E6BB519-1187-41E5-BB97-ADC5ADEBDE64}.Release|Windows-x64.ActiveCfg = Debug|Any CPU
		{3E6BB519-1187-41E5-BB97-ADC5ADEBDE64}.Release|Windows-x64.Build.0 = Debug|Any CPU
		{3E6BB519-1187-41E5-BB97-ADC5ADEBDE64}.Release|Windows-x86.ActiveCfg = Debug|Any CPU
		{3E6BB519-1187-41E5-BB97-ADC5ADEBDE64}.Release|Windows-x86.Build.0 = Debug|Any CPU
		{19A83450-B84B-4281-BA92-DD9B77FFD9FE}.Debug|Android.ActiveCfg = Debug|Any CPU
		{19A83450-B84B-4281-BA92-DD9B77FFD9FE}.Debug|Android.Build.0 = Debug|Any CPU
		{19A83450-B84B-4281-BA92-DD9B77FFD9FE}.Debug|Any CPU.ActiveCfg = Debug|Any CPU
		{19A83450-B84B-4281-BA92-DD9B77FFD9FE}.Debug|Any CPU.Build.0 = Debug|Any CPU
		{19A83450-B84B-4281-BA92-DD9B77FFD9FE}.Debug|iOS.ActiveCfg = Debug|Any CPU
		{19A83450-B84B-4281-BA92-DD9B77FFD9FE}.Debug|iOS.Build.0 = Debug|Any CPU
		{19A83450-B84B-4281-BA92-DD9B77FFD9FE}.Debug|Windows-ARM.ActiveCfg = Debug|Any CPU
		{19A83450-B84B-4281-BA92-DD9B77FFD9FE}.Debug|Windows-ARM.Build.0 = Debug|Any CPU
		{19A83450-B84B-4281-BA92-DD9B77FFD9FE}.Debug|Windows-x64.ActiveCfg = Debug|Any CPU
		{19A83450-B84B-4281-BA92-DD9B77FFD9FE}.Debug|Windows-x64.Build.0 = Debug|Any CPU
		{19A83450-B84B-4281-BA92-DD9B77FFD9FE}.Debug|Windows-x86.ActiveCfg = Debug|Any CPU
		{19A83450-B84B-4281-BA92-DD9B77FFD9FE}.Debug|Windows-x86.Build.0 = Debug|Any CPU
		{19A83450-B84B-4281-BA92-DD9B77FFD9FE}.Release|Android.ActiveCfg = Release|Any CPU
		{19A83450-B84B-4281-BA92-DD9B77FFD9FE}.Release|Android.Build.0 = Release|Any CPU
		{19A83450-B84B-4281-BA92-DD9B77FFD9FE}.Release|Any CPU.ActiveCfg = Release|Any CPU
		{19A83450-B84B-4281-BA92-DD9B77FFD9FE}.Release|Any CPU.Build.0 = Release|Any CPU
		{19A83450-B84B-4281-BA92-DD9B77FFD9FE}.Release|iOS.ActiveCfg = Release|Any CPU
		{19A83450-B84B-4281-BA92-DD9B77FFD9FE}.Release|iOS.Build.0 = Release|Any CPU
		{19A83450-B84B-4281-BA92-DD9B77FFD9FE}.Release|Windows-ARM.ActiveCfg = Release|Any CPU
		{19A83450-B84B-4281-BA92-DD9B77FFD9FE}.Release|Windows-ARM.Build.0 = Release|Any CPU
		{19A83450-B84B-4281-BA92-DD9B77FFD9FE}.Release|Windows-x64.ActiveCfg = Release|Any CPU
		{19A83450-B84B-4281-BA92-DD9B77FFD9FE}.Release|Windows-x64.Build.0 = Release|Any CPU
		{19A83450-B84B-4281-BA92-DD9B77FFD9FE}.Release|Windows-x86.ActiveCfg = Release|Any CPU
		{19A83450-B84B-4281-BA92-DD9B77FFD9FE}.Release|Windows-x86.Build.0 = Release|Any CPU
		{2A907304-DD77-44AA-9CA7-A8C605B3859C}.Debug|Android.ActiveCfg = Debug|Any CPU
		{2A907304-DD77-44AA-9CA7-A8C605B3859C}.Debug|Android.Build.0 = Debug|Any CPU
		{2A907304-DD77-44AA-9CA7-A8C605B3859C}.Debug|Any CPU.ActiveCfg = Debug|Any CPU
		{2A907304-DD77-44AA-9CA7-A8C605B3859C}.Debug|Any CPU.Build.0 = Debug|Any CPU
		{2A907304-DD77-44AA-9CA7-A8C605B3859C}.Debug|iOS.ActiveCfg = Debug|Any CPU
		{2A907304-DD77-44AA-9CA7-A8C605B3859C}.Debug|iOS.Build.0 = Debug|Any CPU
		{2A907304-DD77-44AA-9CA7-A8C605B3859C}.Debug|Windows-ARM.ActiveCfg = Debug|Any CPU
		{2A907304-DD77-44AA-9CA7-A8C605B3859C}.Debug|Windows-ARM.Build.0 = Debug|Any CPU
		{2A907304-DD77-44AA-9CA7-A8C605B3859C}.Debug|Windows-x64.ActiveCfg = Debug|Any CPU
		{2A907304-DD77-44AA-9CA7-A8C605B3859C}.Debug|Windows-x64.Build.0 = Debug|Any CPU
		{2A907304-DD77-44AA-9CA7-A8C605B3859C}.Debug|Windows-x86.ActiveCfg = Debug|Any CPU
		{2A907304-DD77-44AA-9CA7-A8C605B3859C}.Debug|Windows-x86.Build.0 = Debug|Any CPU
		{2A907304-DD77-44AA-9CA7-A8C605B3859C}.Release|Android.ActiveCfg = Debug|Any CPU
		{2A907304-DD77-44AA-9CA7-A8C605B3859C}.Release|Android.Build.0 = Debug|Any CPU
		{2A907304-DD77-44AA-9CA7-A8C605B3859C}.Release|Any CPU.ActiveCfg = Debug|Any CPU
		{2A907304-DD77-44AA-9CA7-A8C605B3859C}.Release|Any CPU.Build.0 = Debug|Any CPU
		{2A907304-DD77-44AA-9CA7-A8C605B3859C}.Release|iOS.ActiveCfg = Debug|Any CPU
		{2A907304-DD77-44AA-9CA7-A8C605B3859C}.Release|iOS.Build.0 = Debug|Any CPU
		{2A907304-DD77-44AA-9CA7-A8C605B3859C}.Release|Windows-ARM.ActiveCfg = Debug|Any CPU
		{2A907304-DD77-44AA-9CA7-A8C605B3859C}.Release|Windows-ARM.Build.0 = Debug|Any CPU
		{2A907304-DD77-44AA-9CA7-A8C605B3859C}.Release|Windows-x64.ActiveCfg = Debug|Any CPU
		{2A907304-DD77-44AA-9CA7-A8C605B3859C}.Release|Windows-x64.Build.0 = Debug|Any CPU
		{2A907304-DD77-44AA-9CA7-A8C605B3859C}.Release|Windows-x86.ActiveCfg = Debug|Any CPU
		{2A907304-DD77-44AA-9CA7-A8C605B3859C}.Release|Windows-x86.Build.0 = Debug|Any CPU
	EndGlobalSection
	GlobalSection(SolutionProperties) = preSolution
		HideSolutionNode = FALSE
	EndGlobalSection
	GlobalSection(ExtensibilityGlobals) = postSolution
		SolutionGuid = {BCA7AC5C-FCF2-4994-A83E-0F5ADE9C5057}
	EndGlobalSection
EndGlobal
